
Microsoft Visual Studio Solution File, Format Version 12.00
# Visual Studio Version 16
VisualStudioVersion = 16.0.30114.105
MinimumVisualStudioVersion = 10.0.40219.1
Project("{FAE04EC0-301F-11D3-BF4B-00C04F79EFBC}") = "Azure.CognitiveServices", "Azure.CognitiveServices\Azure.CognitiveServices.csproj", "{3232B41D-2C12-42CA-9CE5-51C685A5425E}"
EndProject
Project("{FAE04EC0-301F-11D3-BF4B-00C04F79EFBC}") = "Contracts", "Contracts\Contracts.csproj", "{7B8AD362-8C0D-4C5D-AB7C-1B8876914676}"
EndProject
Project("{FAE04EC0-301F-11D3-BF4B-00C04F79EFBC}") = "TranslatorWebApp", "TranslatorWebApp\TranslatorWebApp.csproj", "{B1B0FA22-B4F7-49CF-A07D-CB231B247E48}"
EndProject
Project("{FAE04EC0-301F-11D3-BF4B-00C04F79EFBC}") = "TranslatorWebApp.Tests", "..\test\TranslatorWebApp.Tests\TranslatorWebApp.Tests.csproj", "{3D73C02F-E254-4E77-82CC-76728E503592}"
EndProject
Global
	GlobalSection(SolutionConfigurationPlatforms) = preSolution
		Debug|Any CPU = Debug|Any CPU
		Release|Any CPU = Release|Any CPU
	EndGlobalSection
	GlobalSection(SolutionProperties) = preSolution
		HideSolutionNode = FALSE
	EndGlobalSection
	GlobalSection(ProjectConfigurationPlatforms) = postSolution
		{3232B41D-2C12-42CA-9CE5-51C685A5425E}.Debug|Any CPU.ActiveCfg = Debug|Any CPU
		{3232B41D-2C12-42CA-9CE5-51C685A5425E}.Debug|Any CPU.Build.0 = Debug|Any CPU
		{3232B41D-2C12-42CA-9CE5-51C685A5425E}.Release|Any CPU.ActiveCfg = Release|Any CPU
		{3232B41D-2C12-42CA-9CE5-51C685A5425E}.Release|Any CPU.Build.0 = Release|Any CPU
		{7B8AD362-8C0D-4C5D-AB7C-1B8876914676}.Debug|Any CPU.ActiveCfg = Debug|Any CPU
		{7B8AD362-8C0D-4C5D-AB7C-1B8876914676}.Debug|Any CPU.Build.0 = Debug|Any CPU
		{7B8AD362-8C0D-4C5D-AB7C-1B8876914676}.Release|Any CPU.ActiveCfg = Release|Any CPU
		{7B8AD362-8C0D-4C5D-AB7C-1B8876914676}.Release|Any CPU.Build.0 = Release|Any CPU
		{B1B0FA22-B4F7-49CF-A07D-CB231B247E48}.Debug|Any CPU.ActiveCfg = Debug|Any CPU
		{B1B0FA22-B4F7-49CF-A07D-CB231B247E48}.Debug|Any CPU.Build.0 = Debug|Any CPU
		{B1B0FA22-B4F7-49CF-A07D-CB231B247E48}.Release|Any CPU.ActiveCfg = Release|Any CPU
		{B1B0FA22-B4F7-49CF-A07D-CB231B247E48}.Release|Any CPU.Build.0 = Release|Any CPU
		{3D73C02F-E254-4E77-82CC-76728E503592}.Debug|Any CPU.ActiveCfg = Debug|Any CPU
		{3D73C02F-E254-4E77-82CC-76728E503592}.Debug|Any CPU.Build.0 = Debug|Any CPU
		{3D73C02F-E254-4E77-82CC-76728E503592}.Release|Any CPU.ActiveCfg = Release|Any CPU
		{3D73C02F-E254-4E77-82CC-76728E503592}.Release|Any CPU.Build.0 = Release|Any CPU
	EndGlobalSection
	GlobalSection(NestedProjects) = preSolution
	EndGlobalSection
EndGlobal
